
Microsoft Visual Studio Solution File, Format Version 12.00
# Visual Studio Version 17
VisualStudioVersion = 17.13.35913.81 d17.13
MinimumVisualStudioVersion = 10.0.40219.1
Project("{FAE04EC0-301F-11D3-BF4B-00C04F79EFBC}") = "Lapura_LA1", "Lapura_LA1\Lapura_LA1.csproj", "{E8632DA9-2CFA-4DCF-ADBD-FF0E5A35C0FF}"
EndProject
Global
	GlobalSection(SolutionConfigurationPlatforms) = preSolution
		Debug|Any CPU = Debug|Any CPU
		Release|Any CPU = Release|Any CPU
	EndGlobalSection
	GlobalSection(ProjectConfigurationPlatforms) = postSolution
		{E8632DA9-2CFA-4DCF-ADBD-FF0E5A35C0FF}.Debug|Any CPU.ActiveCfg = Debug|Any CPU
		{E8632DA9-2CFA-4DCF-ADBD-FF0E5A35C0FF}.Debug|Any CPU.Build.0 = Debug|Any CPU
		{E8632DA9-2CFA-4DCF-ADBD-FF0E5A35C0FF}.Release|Any CPU.ActiveCfg = Release|Any CPU
		{E8632DA9-2CFA-4DCF-ADBD-FF0E5A35C0FF}.Release|Any CPU.Build.0 = Release|Any CPU
	EndGlobalSection
	GlobalSection(SolutionProperties) = preSolution
		HideSolutionNode = FALSE
	EndGlobalSection
	GlobalSection(ExtensibilityGlobals) = postSolution
		SolutionGuid = {3107D127-770F-4D10-87ED-77EC72FF555A}
	EndGlobalSection
EndGlobal
